// !$*UTF8*$!
{
	archiveVersion = 1;
	classes = {
	};
	objectVersion = 50;
	objects = {

/* Begin PBXBuildFile section */
		19C99F7D2473FB8E0055B661 /* AppDelegate.swift in Sources */ = {isa = PBXBuildFile; fileRef = 19C99F7C2473FB8E0055B661 /* AppDelegate.swift */; };
		19C99F7F2473FB8E0055B661 /* SceneDelegate.swift in Sources */ = {isa = PBXBuildFile; fileRef = 19C99F7E2473FB8E0055B661 /* SceneDelegate.swift */; };
		19C99F812473FB8E0055B661 /* ViewController.swift in Sources */ = {isa = PBXBuildFile; fileRef = 19C99F802473FB8E0055B661 /* ViewController.swift */; };
		19C99F842473FB8E0055B661 /* Main.storyboard in Resources */ = {isa = PBXBuildFile; fileRef = 19C99F822473FB8E0055B661 /* Main.storyboard */; };
		19C99F862473FB900055B661 /* Assets.xcassets in Resources */ = {isa = PBXBuildFile; fileRef = 19C99F852473FB900055B661 /* Assets.xcassets */; };
		19C99F892473FB900055B661 /* LaunchScreen.storyboard in Resources */ = {isa = PBXBuildFile; fileRef = 19C99F872473FB900055B661 /* LaunchScreen.storyboard */; };
		19C99F942473FB910055B661 /* PhotoMasterTests.swift in Sources */ = {isa = PBXBuildFile; fileRef = 19C99F932473FB910055B661 /* PhotoMasterTests.swift */; };
		19C99F9F2473FB910055B661 /* PhotoMasterUITests.swift in Sources */ = {isa = PBXBuildFile; fileRef = 19C99F9E2473FB910055B661 /* PhotoMasterUITests.swift */; };
/* End PBXBuildFile section */

/* Begin PBXContainerItemProxy section */
		19C99F902473FB910055B661 /* PBXContainerItemProxy */ = {
			isa = PBXContainerItemProxy;
			containerPortal = 19C99F712473FB8E0055B661 /* Project object */;
			proxyType = 1;
			remoteGlobalIDString = 19C99F782473FB8E0055B661;
			remoteInfo = PhotoMaster;
		};
		19C99F9B2473FB910055B661 /* PBXContainerItemProxy */ = {
			isa = PBXContainerItemProxy;
			containerPortal = 19C99F712473FB8E0055B661 /* Project object */;
			proxyType = 1;
			remoteGlobalIDString = 19C99F782473FB8E0055B661;
			remoteInfo = PhotoMaster;
		};
/* End PBXContainerItemProxy section */

/* Begin PBXFileReference section */
		19C99F792473FB8E0055B661 /* PhotoMaster.app */ = {isa = PBXFileReference; explicitFileType = wrapper.application; includeInIndex = 0; path = PhotoMaster.app; sourceTree = BUILT_PRODUCTS_DIR; };
		19C99F7C2473FB8E0055B661 /* AppDelegate.swift */ = {isa = PBXFileReference; lastKnownFileType = sourcecode.swift; path = AppDelegate.swift; sourceTree = "<group>"; };
		19C99F7E2473FB8E0055B661 /* SceneDelegate.swift */ = {isa = PBXFileReference; lastKnownFileType = sourcecode.swift; path = SceneDelegate.swift; sourceTree = "<group>"; };
		19C99F802473FB8E0055B661 /* ViewController.swift */ = {isa = PBXFileReference; lastKnownFileType = sourcecode.swift; path = ViewController.swift; sourceTree = "<group>"; };
		19C99F832473FB8E0055B661 /* Base */ = {isa = PBXFileReference; lastKnownFileType = file.storyboard; name = Base; path = Base.lproj/Main.storyboard; sourceTree = "<group>"; };
		19C99F852473FB900055B661 /* Assets.xcassets */ = {isa = PBXFileReference; lastKnownFileType = folder.assetcatalog; path = Assets.xcassets; sourceTree = "<group>"; };
		19C99F882473FB900055B661 /* Base */ = {isa = PBXFileReference; lastKnownFileType = file.storyboard; name = Base; path = Base.lproj/LaunchScreen.storyboard; sourceTree = "<group>"; };
		19C99F8A2473FB900055B661 /* Info.plist */ = {isa = PBXFileReference; lastKnownFileType = text.plist.xml; path = Info.plist; sourceTree = "<group>"; };
		19C99F8F2473FB910055B661 /* PhotoMasterTests.xctest */ = {isa = PBXFileReference; explicitFileType = wrapper.cfbundle; includeInIndex = 0; path = PhotoMasterTests.xctest; sourceTree = BUILT_PRODUCTS_DIR; };
		19C99F932473FB910055B661 /* PhotoMasterTests.swift */ = {isa = PBXFileReference; lastKnownFileType = sourcecode.swift; path = PhotoMasterTests.swift; sourceTree = "<group>"; };
		19C99F952473FB910055B661 /* Info.plist */ = {isa = PBXFileReference; lastKnownFileType = text.plist.xml; path = Info.plist; sourceTree = "<group>"; };
		19C99F9A2473FB910055B661 /* PhotoMasterUITests.xctest */ = {isa = PBXFileReference; explicitFileType = wrapper.cfbundle; includeInIndex = 0; path = PhotoMasterUITests.xctest; sourceTree = BUILT_PRODUCTS_DIR; };
		19C99F9E2473FB910055B661 /* PhotoMasterUITests.swift */ = {isa = PBXFileReference; lastKnownFileType = sourcecode.swift; path = PhotoMasterUITests.swift; sourceTree = "<group>"; };
		19C99FA02473FB910055B661 /* Info.plist */ = {isa = PBXFileReference; lastKnownFileType = text.plist.xml; path = Info.plist; sourceTree = "<group>"; };
/* End PBXFileReference section */

/* Begin PBXFrameworksBuildPhase section */
		19C99F762473FB8E0055B661 /* Frameworks */ = {
			isa = PBXFrameworksBuildPhase;
			buildActionMask = 2147483647;
			files = (
			);
			runOnlyForDeploymentPostprocessing = 0;
		};
		19C99F8C2473FB910055B661 /* Frameworks */ = {
			isa = PBXFrameworksBuildPhase;
			buildActionMask = 2147483647;
			files = (
			);
			runOnlyForDeploymentPostprocessing = 0;
		};
		19C99F972473FB910055B661 /* Frameworks */ = {
			isa = PBXFrameworksBuildPhase;
			buildActionMask = 2147483647;
			files = (
			);
			runOnlyForDeploymentPostprocessing = 0;
		};
/* End PBXFrameworksBuildPhase section */

/* Begin PBXGroup section */
		19C99F702473FB8E0055B661 = {
			isa = PBXGroup;
			children = (
				19C99F7B2473FB8E0055B661 /* PhotoMaster */,
				19C99F922473FB910055B661 /* PhotoMasterTests */,
				19C99F9D2473FB910055B661 /* PhotoMasterUITests */,
				19C99F7A2473FB8E0055B661 /* Products */,
			);
			sourceTree = "<group>";
		};
		19C99F7A2473FB8E0055B661 /* Products */ = {
			isa = PBXGroup;
			children = (
				19C99F792473FB8E0055B661 /* PhotoMaster.app */,
				19C99F8F2473FB910055B661 /* PhotoMasterTests.xctest */,
				19C99F9A2473FB910055B661 /* PhotoMasterUITests.xctest */,
			);
			name = Products;
			sourceTree = "<group>";
		};
		19C99F7B2473FB8E0055B661 /* PhotoMaster */ = {
			isa = PBXGroup;
			children = (
				19C99F7C2473FB8E0055B661 /* AppDelegate.swift */,
				19C99F7E2473FB8E0055B661 /* SceneDelegate.swift */,
				19C99F802473FB8E0055B661 /* ViewController.swift */,
				19C99F822473FB8E0055B661 /* Main.storyboard */,
				19C99F852473FB900055B661 /* Assets.xcassets */,
				19C99F872473FB900055B661 /* LaunchScreen.storyboard */,
				19C99F8A2473FB900055B661 /* Info.plist */,
			);
			path = PhotoMaster;
			sourceTree = "<group>";
		};
		19C99F922473FB910055B661 /* PhotoMasterTests */ = {
			isa = PBXGroup;
			children = (
				19C99F932473FB910055B661 /* PhotoMasterTests.swift */,
				19C99F952473FB910055B661 /* Info.plist */,
			);
			path = PhotoMasterTests;
			sourceTree = "<group>";
		};
		19C99F9D2473FB910055B661 /* PhotoMasterUITests */ = {
			isa = PBXGroup;
			children = (
				19C99F9E2473FB910055B661 /* PhotoMasterUITests.swift */,
				19C99FA02473FB910055B661 /* Info.plist */,
			);
			path = PhotoMasterUITests;
			sourceTree = "<group>";
		};
/* End PBXGroup section */

/* Begin PBXNativeTarget section */
		19C99F782473FB8E0055B661 /* PhotoMaster */ = {
			isa = PBXNativeTarget;
			buildConfigurationList = 19C99FA32473FB910055B661 /* Build configuration list for PBXNativeTarget "PhotoMaster" */;
			buildPhases = (
				19C99F752473FB8E0055B661 /* Sources */,
				19C99F762473FB8E0055B661 /* Frameworks */,
				19C99F772473FB8E0055B661 /* Resources */,
			);
			buildRules = (
			);
			dependencies = (
			);
			name = PhotoMaster;
			productName = PhotoMaster;
			productReference = 19C99F792473FB8E0055B661 /* PhotoMaster.app */;
			productType = "com.apple.product-type.application";
		};
		19C99F8E2473FB910055B661 /* PhotoMasterTests */ = {
			isa = PBXNativeTarget;
			buildConfigurationList = 19C99FA62473FB910055B661 /* Build configuration list for PBXNativeTarget "PhotoMasterTests" */;
			buildPhases = (
				19C99F8B2473FB910055B661 /* Sources */,
				19C99F8C2473FB910055B661 /* Frameworks */,
				19C99F8D2473FB910055B661 /* Resources */,
			);
			buildRules = (
			);
			dependencies = (
				19C99F912473FB910055B661 /* PBXTargetDependency */,
			);
			name = PhotoMasterTests;
			productName = PhotoMasterTests;
			productReference = 19C99F8F2473FB910055B661 /* PhotoMasterTests.xctest */;
			productType = "com.apple.product-type.bundle.unit-test";
		};
		19C99F992473FB910055B661 /* PhotoMasterUITests */ = {
			isa = PBXNativeTarget;
			buildConfigurationList = 19C99FA92473FB910055B661 /* Build configuration list for PBXNativeTarget "PhotoMasterUITests" */;
			buildPhases = (
				19C99F962473FB910055B661 /* Sources */,
				19C99F972473FB910055B661 /* Frameworks */,
				19C99F982473FB910055B661 /* Resources */,
			);
			buildRules = (
			);
			dependencies = (
				19C99F9C2473FB910055B661 /* PBXTargetDependency */,
			);
			name = PhotoMasterUITests;
			productName = PhotoMasterUITests;
			productReference = 19C99F9A2473FB910055B661 /* PhotoMasterUITests.xctest */;
			productType = "com.apple.product-type.bundle.ui-testing";
		};
/* End PBXNativeTarget section */

/* Begin PBXProject section */
		19C99F712473FB8E0055B661 /* Project object */ = {
			isa = PBXProject;
			attributes = {
				LastSwiftUpdateCheck = 1130;
				LastUpgradeCheck = 1130;
				ORGANIZATIONNAME = "Masaki Chonan";
				TargetAttributes = {
					19C99F782473FB8E0055B661 = {
						CreatedOnToolsVersion = 11.3.1;
					};
					19C99F8E2473FB910055B661 = {
						CreatedOnToolsVersion = 11.3.1;
						TestTargetID = 19C99F782473FB8E0055B661;
					};
					19C99F992473FB910055B661 = {
						CreatedOnToolsVersion = 11.3.1;
						TestTargetID = 19C99F782473FB8E0055B661;
					};
				};
			};
			buildConfigurationList = 19C99F742473FB8E0055B661 /* Build configuration list for PBXProject "PhotoMaster" */;
			compatibilityVersion = "Xcode 9.3";
			developmentRegion = en;
			hasScannedForEncodings = 0;
			knownRegions = (
				en,
				Base,
			);
			mainGroup = 19C99F702473FB8E0055B661;
			productRefGroup = 19C99F7A2473FB8E0055B661 /* Products */;
			projectDirPath = "";
			projectRoot = "";
			targets = (
				19C99F782473FB8E0055B661 /* PhotoMaster */,
				19C99F8E2473FB910055B661 /* PhotoMasterTests */,
				19C99F992473FB910055B661 /* PhotoMasterUITests */,
			);
		};
/* End PBXProject section */

/* Begin PBXResourcesBuildPhase section */
		19C99F772473FB8E0055B661 /* Resources */ = {
			isa = PBXResourcesBuildPhase;
			buildActionMask = 2147483647;
			files = (
				19C99F892473FB900055B661 /* LaunchScreen.storyboard in Resources */,
				19C99F862473FB900055B661 /* Assets.xcassets in Resources */,
				19C99F842473FB8E0055B661 /* Main.storyboard in Resources */,
			);
			runOnlyForDeploymentPostprocessing = 0;
		};
		19C99F8D2473FB910055B661 /* Resources */ = {
			isa = PBXResourcesBuildPhase;
			buildActionMask = 2147483647;
			files = (
			);
			runOnlyForDeploymentPostprocessing = 0;
		};
		19C99F982473FB910055B661 /* Resources */ = {
			isa = PBXResourcesBuildPhase;
			buildActionMask = 2147483647;
			files = (
			);
			runOnlyForDeploymentPostprocessing = 0;
		};
/* End PBXResourcesBuildPhase section */

/* Begin PBXSourcesBuildPhase section */
		19C99F752473FB8E0055B661 /* Sources */ = {
			isa = PBXSourcesBuildPhase;
			buildActionMask = 2147483647;
			files = (
				19C99F812473FB8E0055B661 /* ViewController.swift in Sources */,
				19C99F7D2473FB8E0055B661 /* AppDelegate.swift in Sources */,
				19C99F7F2473FB8E0055B661 /* SceneDelegate.swift in Sources */,
			);
			runOnlyForDeploymentPostprocessing = 0;
		};
		19C99F8B2473FB910055B661 /* Sources */ = {
			isa = PBXSourcesBuildPhase;
			buildActionMask = 2147483647;
			files = (
				19C99F942473FB910055B661 /* PhotoMasterTests.swift in Sources */,
			);
			runOnlyForDeploymentPostprocessing = 0;
		};
		19C99F962473FB910055B661 /* Sources */ = {
			isa = PBXSourcesBuildPhase;
			buildActionMask = 2147483647;
			files = (
				19C99F9F2473FB910055B661 /* PhotoMasterUITests.swift in Sources */,
			);
			runOnlyForDeploymentPostprocessing = 0;
		};
/* End PBXSourcesBuildPhase section */

/* Begin PBXTargetDependency section */
		19C99F912473FB910055B661 /* PBXTargetDependency */ = {
			isa = PBXTargetDependency;
			target = 19C99F782473FB8E0055B661 /* PhotoMaster */;
			targetProxy = 19C99F902473FB910055B661 /* PBXContainerItemProxy */;
		};
		19C99F9C2473FB910055B661 /* PBXTargetDependency */ = {
			isa = PBXTargetDependency;
			target = 19C99F782473FB8E0055B661 /* PhotoMaster */;
			targetProxy = 19C99F9B2473FB910055B661 /* PBXContainerItemProxy */;
		};
/* End PBXTargetDependency section */

/* Begin PBXVariantGroup section */
		19C99F822473FB8E0055B661 /* Main.storyboard */ = {
			isa = PBXVariantGroup;
			children = (
				19C99F832473FB8E0055B661 /* Base */,
			);
			name = Main.storyboard;
			sourceTree = "<group>";
		};
		19C99F872473FB900055B661 /* LaunchScreen.storyboard */ = {
			isa = PBXVariantGroup;
			children = (
				19C99F882473FB900055B661 /* Base */,
			);
			name = LaunchScreen.storyboard;
			sourceTree = "<group>";
		};
/* End PBXVariantGroup section */

/* Begin XCBuildConfiguration section */
		19C99FA12473FB910055B661 /* Debug */ = {
			isa = XCBuildConfiguration;
			buildSettings = {
				ALWAYS_SEARCH_USER_PATHS = NO;
				CLANG_ANALYZER_NONNULL = YES;
				CLANG_ANALYZER_NUMBER_OBJECT_CONVERSION = YES_AGGRESSIVE;
				CLANG_CXX_LANGUAGE_STANDARD = "gnu++14";
				CLANG_CXX_LIBRARY = "libc++";
				CLANG_ENABLE_MODULES = YES;
				CLANG_ENABLE_OBJC_ARC = YES;
				CLANG_ENABLE_OBJC_WEAK = YES;
				CLANG_WARN_BLOCK_CAPTURE_AUTORELEASING = YES;
				CLANG_WARN_BOOL_CONVERSION = YES;
				CLANG_WARN_COMMA = YES;
				CLANG_WARN_CONSTANT_CONVERSION = YES;
				CLANG_WARN_DEPRECATED_OBJC_IMPLEMENTATIONS = YES;
				CLANG_WARN_DIRECT_OBJC_ISA_USAGE = YES_ERROR;
				CLANG_WARN_DOCUMENTATION_COMMENTS = YES;
				CLANG_WARN_EMPTY_BODY = YES;
				CLANG_WARN_ENUM_CONVERSION = YES;
				CLANG_WARN_INFINITE_RECURSION = YES;
				CLANG_WARN_INT_CONVERSION = YES;
				CLANG_WARN_NON_LITERAL_NULL_CONVERSION = YES;
				CLANG_WARN_OBJC_IMPLICIT_RETAIN_SELF = YES;
				CLANG_WARN_OBJC_LITERAL_CONVERSION = YES;
				CLANG_WARN_OBJC_ROOT_CLASS = YES_ERROR;
				CLANG_WARN_RANGE_LOOP_ANALYSIS = YES;
				CLANG_WARN_STRICT_PROTOTYPES = YES;
				CLANG_WARN_SUSPICIOUS_MOVE = YES;
				CLANG_WARN_UNGUARDED_AVAILABILITY = YES_AGGRESSIVE;
				CLANG_WARN_UNREACHABLE_CODE = YES;
				CLANG_WARN__DUPLICATE_METHOD_MATCH = YES;
				COPY_PHASE_STRIP = NO;
				DEBUG_INFORMATION_FORMAT = dwarf;
				ENABLE_STRICT_OBJC_MSGSEND = YES;
				ENABLE_TESTABILITY = YES;
				GCC_C_LANGUAGE_STANDARD = gnu11;
				GCC_DYNAMIC_NO_PIC = NO;
				GCC_NO_COMMON_BLOCKS = YES;
				GCC_OPTIMIZATION_LEVEL = 0;
				GCC_PREPROCESSOR_DEFINITIONS = (
					"DEBUG=1",
					"$(inherited)",
				);
				GCC_WARN_64_TO_32_BIT_CONVERSION = YES;
				GCC_WARN_ABOUT_RETURN_TYPE = YES_ERROR;
				GCC_WARN_UNDECLARED_SELECTOR = YES;
				GCC_WARN_UNINITIALIZED_AUTOS = YES_AGGRESSIVE;
				GCC_WARN_UNUSED_FUNCTION = YES;
				GCC_WARN_UNUSED_VARIABLE = YES;
				IPHONEOS_DEPLOYMENT_TARGET = 13.2;
				MTL_ENABLE_DEBUG_INFO = INCLUDE_SOURCE;
				MTL_FAST_MATH = YES;
				ONLY_ACTIVE_ARCH = YES;
				SDKROOT = iphoneos;
				SWIFT_ACTIVE_COMPILATION_CONDITIONS = DEBUG;
				SWIFT_OPTIMIZATION_LEVEL = "-Onone";
			};
			name = Debug;
		};
		19C99FA22473FB910055B661 /* Release */ = {
			isa = XCBuildConfiguration;
			buildSettings = {
				ALWAYS_SEARCH_USER_PATHS = NO;
				CLANG_ANALYZER_NONNULL = YES;
				CLANG_ANALYZER_NUMBER_OBJECT_CONVERSION = YES_AGGRESSIVE;
				CLANG_CXX_LANGUAGE_STANDARD = "gnu++14";
				CLANG_CXX_LIBRARY = "libc++";
				CLANG_ENABLE_MODULES = YES;
				CLANG_ENABLE_OBJC_ARC = YES;
				CLANG_ENABLE_OBJC_WEAK = YES;
				CLANG_WARN_BLOCK_CAPTURE_AUTORELEASING = YES;
				CLANG_WARN_BOOL_CONVERSION = YES;
				CLANG_WARN_COMMA = YES;
				CLANG_WARN_CONSTANT_CONVERSION = YES;
				CLANG_WARN_DEPRECATED_OBJC_IMPLEMENTATIONS = YES;
				CLANG_WARN_DIRECT_OBJC_ISA_USAGE = YES_ERROR;
				CLANG_WARN_DOCUMENTATION_COMMENTS = YES;
				CLANG_WARN_EMPTY_BODY = YES;
				CLANG_WARN_ENUM_CONVERSION = YES;
				CLANG_WARN_INFINITE_RECURSION = YES;
				CLANG_WARN_INT_CONVERSION = YES;
				CLANG_WARN_NON_LITERAL_NULL_CONVERSION = YES;
				CLANG_WARN_OBJC_IMPLICIT_RETAIN_SELF = YES;
				CLANG_WARN_OBJC_LITERAL_CONVERSION = YES;
				CLANG_WARN_OBJC_ROOT_CLASS = YES_ERROR;
				CLANG_WARN_RANGE_LOOP_ANALYSIS = YES;
				CLANG_WARN_STRICT_PROTOTYPES = YES;
				CLANG_WARN_SUSPICIOUS_MOVE = YES;
				CLANG_WARN_UNGUARDED_AVAILABILITY = YES_AGGRESSIVE;
				CLANG_WARN_UNREACHABLE_CODE = YES;
				CLANG_WARN__DUPLICATE_METHOD_MATCH = YES;
				COPY_PHASE_STRIP = NO;
				DEBUG_INFORMATION_FORMAT = "dwarf-with-dsym";
				ENABLE_NS_ASSERTIONS = NO;
				ENABLE_STRICT_OBJC_MSGSEND = YES;
				GCC_C_LANGUAGE_STANDARD = gnu11;
				GCC_NO_COMMON_BLOCKS = YES;
				GCC_WARN_64_TO_32_BIT_CONVERSION = YES;
				GCC_WARN_ABOUT_RETURN_TYPE = YES_ERROR;
				GCC_WARN_UNDECLARED_SELECTOR = YES;
				GCC_WARN_UNINITIALIZED_AUTOS = YES_AGGRESSIVE;
				GCC_WARN_UNUSED_FUNCTION = YES;
				GCC_WARN_UNUSED_VARIABLE = YES;
				IPHONEOS_DEPLOYMENT_TARGET = 13.2;
				MTL_ENABLE_DEBUG_INFO = NO;
				MTL_FAST_MATH = YES;
				SDKROOT = iphoneos;
				SWIFT_COMPILATION_MODE = wholemodule;
				SWIFT_OPTIMIZATION_LEVEL = "-O";
				VALIDATE_PRODUCT = YES;
			};
			name = Release;
		};
		19C99FA42473FB910055B661 /* Debug */ = {
			isa = XCBuildConfiguration;
			buildSettings = {
				ASSETCATALOG_COMPILER_APPICON_NAME = AppIcon;
				CODE_SIGN_STYLE = Automatic;
				INFOPLIST_FILE = PhotoMaster/Info.plist;
				LD_RUNPATH_SEARCH_PATHS = (
					"$(inherited)",
					"@executable_path/Frameworks",
				);
				PRODUCT_BUNDLE_IDENTIFIER = com.litech.PhotoMaster;
				PRODUCT_NAME = "$(TARGET_NAME)";
				SWIFT_VERSION = 5.0;
				TARGETED_DEVICE_FAMILY = "1,2";
			};
			name = Debug;
		};
		19C99FA52473FB910055B661 /* Release */ = {
			isa = XCBuildConfiguration;
			buildSettings = {
				ASSETCATALOG_COMPILER_APPICON_NAME = AppIcon;
				CODE_SIGN_STYLE = Automatic;
				INFOPLIST_FILE = PhotoMaster/Info.plist;
				LD_RUNPATH_SEARCH_PATHS = (
					"$(inherited)",
					"@executable_path/Frameworks",
				);
				PRODUCT_BUNDLE_IDENTIFIER = com.litech.PhotoMaster;
				PRODUCT_NAME = "$(TARGET_NAME)";
				SWIFT_VERSION = 5.0;
				TARGETED_DEVICE_FAMILY = "1,2";
			};
			name = Release;
		};
		19C99FA72473FB910055B661 /* Debug */ = {
			isa = XCBuildConfiguration;
			buildSettings = {
				ALWAYS_EMBED_SWIFT_STANDARD_LIBRARIES = YES;
				BUNDLE_LOADER = "$(TEST_HOST)";
				CODE_SIGN_STYLE = Automatic;
				INFOPLIST_FILE = PhotoMasterTests/Info.plist;
				IPHONEOS_DEPLOYMENT_TARGET = 13.2;
				LD_RUNPATH_SEARCH_PATHS = (
					"$(inherited)",
					"@executable_path/Frameworks",
					"@loader_path/Frameworks",
				);
				PRODUCT_BUNDLE_IDENTIFIER = com.litech.PhotoMasterTests;
				PRODUCT_NAME = "$(TARGET_NAME)";
				SWIFT_VERSION = 5.0;
				TARGETED_DEVICE_FAMILY = "1,2";
				TEST_HOST = "$(BUILT_PRODUCTS_DIR)/PhotoMaster.app/PhotoMaster";
			};
			name = Debug;
		};
		19C99FA82473FB910055B661 /* Release */ = {
			isa = XCBuildConfiguration;
			buildSettings = {
				ALWAYS_EMBED_SWIFT_STANDARD_LIBRARIES = YES;
				BUNDLE_LOADER = "$(TEST_HOST)";
				CODE_SIGN_STYLE = Automatic;
				INFOPLIST_FILE = PhotoMasterTests/Info.plist;
				IPHONEOS_DEPLOYMENT_TARGET = 13.2;
				LD_RUNPATH_SEARCH_PATHS = (
					"$(inherited)",
					"@executable_path/Frameworks",
					"@loader_path/Frameworks",
				);
				PRODUCT_BUNDLE_IDENTIFIER = com.litech.PhotoMasterTests;
				PRODUCT_NAME = "$(TARGET_NAME)";
				SWIFT_VERSION = 5.0;
				TARGETED_DEVICE_FAMILY = "1,2";
				TEST_HOST = "$(BUILT_PRODUCTS_DIR)/PhotoMaster.app/PhotoMaster";
			};
			name = Release;
		};
		19C99FAA2473FB910055B661 /* Debug */ = {
			isa = XCBuildConfiguration;
			buildSettings = {
				ALWAYS_EMBED_SWIFT_STANDARD_LIBRARIES = YES;
				CODE_SIGN_STYLE = Automatic;
				INFOPLIST_FILE = PhotoMasterUITests/Info.plist;
				LD_RUNPATH_SEARCH_PATHS = (
					"$(inherited)",
					"@executable_path/Frameworks",
					"@loader_path/Frameworks",
				);
				PRODUCT_BUNDLE_IDENTIFIER = com.litech.PhotoMasterUITests;
				PRODUCT_NAME = "$(TARGET_NAME)";
				SWIFT_VERSION = 5.0;
				TARGETED_DEVICE_FAMILY = "1,2";
				TEST_TARGET_NAME = PhotoMaster;
			};
			name = Debug;
		};
		19C99FAB2473FB910055B661 /* Release */ = {
			isa = XCBuildConfiguration;
			buildSettings = {
				ALWAYS_EMBED_SWIFT_STANDARD_LIBRARIES = YES;
				CODE_SIGN_STYLE = Automatic;
				INFOPLIST_FILE = PhotoMasterUITests/Info.plist;
				LD_RUNPATH_SEARCH_PATHS = (
					"$(inherited)",
					"@executable_path/Frameworks",
					"@loader_path/Frameworks",
				);
				PRODUCT_BUNDLE_IDENTIFIER = com.litech.PhotoMasterUITests;
				PRODUCT_NAME = "$(TARGET_NAME)";
				SWIFT_VERSION = 5.0;
				TARGETED_DEVICE_FAMILY = "1,2";
				TEST_TARGET_NAME = PhotoMaster;
			};
			name = Release;
		};
/* End XCBuildConfiguration section */

/* Begin XCConfigurationList section */
		19C99F742473FB8E0055B661 /* Build configuration list for PBXProject "PhotoMaster" */ = {
			isa = XCConfigurationList;
			buildConfigurations = (
				19C99FA12473FB910055B661 /* Debug */,
				19C99FA22473FB910055B661 /* Release */,
			);
			defaultConfigurationIsVisible = 0;
			defaultConfigurationName = Release;
		};
		19C99FA32473FB910055B661 /* Build configuration list for PBXNativeTarget "PhotoMaster" */ = {
			isa = XCConfigurationList;
			buildConfigurations = (
				19C99FA42473FB910055B661 /* Debug */,
				19C99FA52473FB910055B661 /* Release */,
			);
			defaultConfigurationIsVisible = 0;
			defaultConfigurationName = Release;
		};
		19C99FA62473FB910055B661 /* Build configuration list for PBXNativeTarget "PhotoMasterTests" */ = {
			isa = XCConfigurationList;
			buildConfigurations = (
				19C99FA72473FB910055B661 /* Debug */,
				19C99FA82473FB910055B661 /* Release */,
			);
			defaultConfigurationIsVisible = 0;
			defaultConfigurationName = Release;
		};
		19C99FA92473FB910055B661 /* Build configuration list for PBXNativeTarget "PhotoMasterUITests" */ = {
			isa = XCConfigurationList;
			buildConfigurations = (
				19C99FAA2473FB910055B661 /* Debug */,
				19C99FAB2473FB910055B661 /* Release */,
			);
			defaultConfigurationIsVisible = 0;
			defaultConfigurationName = Release;
		};
/* End XCConfigurationList section */
	};
	rootObject = 19C99F712473FB8E0055B661 /* Project object */;
}
